
Microsoft Visual Studio Solution File, Format Version 12.00
# Visual Studio Version 16
VisualStudioVersion = 16.0.30114.105
MinimumVisualStudioVersion = 10.0.40219.1
Project("{FAE04EC0-301F-11D3-BF4B-00C04F79EFBC}") = "XDM", "XDM\XDM.csproj", "{240EDFD9-413F-4BDE-8AFD-D2E2E3E0FB0E}"
EndProject
Project("{FAE04EC0-301F-11D3-BF4B-00C04F79EFBC}") = "XDM.Tests", "XDM.Tests\XDM.Tests.csproj", "{60021BAF-F2B3-499F-A83D-0B5574AC8F09}"
EndProject
Global
	GlobalSection(SolutionConfigurationPlatforms) = preSolution
		Debug|Any CPU = Debug|Any CPU
		Release|Any CPU = Release|Any CPU
	EndGlobalSection
	GlobalSection(SolutionProperties) = preSolution
		HideSolutionNode = FALSE
	EndGlobalSection
	GlobalSection(ProjectConfigurationPlatforms) = postSolution
		{240EDFD9-413F-4BDE-8AFD-D2E2E3E0FB0E}.Debug|Any CPU.ActiveCfg = Debug|Any CPU
		{240EDFD9-413F-4BDE-8AFD-D2E2E3E0FB0E}.Debug|Any CPU.Build.0 = Debug|Any CPU
		{240EDFD9-413F-4BDE-8AFD-D2E2E3E0FB0E}.Release|Any CPU.ActiveCfg = Release|Any CPU
		{240EDFD9-413F-4BDE-8AFD-D2E2E3E0FB0E}.Release|Any CPU.Build.0 = Release|Any CPU
		{60021BAF-F2B3-499F-A83D-0B5574AC8F09}.Debug|Any CPU.ActiveCfg = Debug|Any CPU
		{60021BAF-F2B3-499F-A83D-0B5574AC8F09}.Debug|Any CPU.Build.0 = Debug|Any CPU
		{60021BAF-F2B3-499F-A83D-0B5574AC8F09}.Release|Any CPU.ActiveCfg = Release|Any CPU
		{60021BAF-F2B3-499F-A83D-0B5574AC8F09}.Release|Any CPU.Build.0 = Release|Any CPU
	EndGlobalSection
EndGlobal
